
Microsoft Visual Studio Solution File, Format Version 12.00
# Visual Studio Version 17
VisualStudioVersion = 17.0.31903.59
MinimumVisualStudioVersion = 10.0.40219.1
Project("{FAE04EC0-301F-11D3-BF4B-00C04F79EFBC}") = "RestAPI", "RestAPI\RestAPI.csproj", "{3FAF1645-4B88-4A3B-8A8D-11716E431171}"
EndProject
Project("{FAE04EC0-301F-11D3-BF4B-00C04F79EFBC}") = "RestApiTest", "RestApiTest\RestApiTest.csproj", "{904EB3FE-B804-4917-8D45-0D6713432FC7}"
EndProject
Global
	GlobalSection(SolutionConfigurationPlatforms) = preSolution
		Debug|Any CPU = Debug|Any CPU
		Release|Any CPU = Release|Any CPU
	EndGlobalSection
	GlobalSection(SolutionProperties) = preSolution
		HideSolutionNode = FALSE
	EndGlobalSection
	GlobalSection(ProjectConfigurationPlatforms) = postSolution
		{3FAF1645-4B88-4A3B-8A8D-11716E431171}.Debug|Any CPU.ActiveCfg = Debug|Any CPU
		{3FAF1645-4B88-4A3B-8A8D-11716E431171}.Debug|Any CPU.Build.0 = Debug|Any CPU
		{3FAF1645-4B88-4A3B-8A8D-11716E431171}.Release|Any CPU.ActiveCfg = Release|Any CPU
		{3FAF1645-4B88-4A3B-8A8D-11716E431171}.Release|Any CPU.Build.0 = Release|Any CPU
		{904EB3FE-B804-4917-8D45-0D6713432FC7}.Debug|Any CPU.ActiveCfg = Debug|Any CPU
		{904EB3FE-B804-4917-8D45-0D6713432FC7}.Debug|Any CPU.Build.0 = Debug|Any CPU
		{904EB3FE-B804-4917-8D45-0D6713432FC7}.Release|Any CPU.ActiveCfg = Release|Any CPU
		{904EB3FE-B804-4917-8D45-0D6713432FC7}.Release|Any CPU.Build.0 = Release|Any CPU
	EndGlobalSection
EndGlobal
